
Microsoft Visual Studio Solution File, Format Version 12.00
# Visual Studio Version 16
VisualStudioVersion = 16.0.32126.315
MinimumVisualStudioVersion = 10.0.40219.1
Project("{8BC9CEB8-8B4A-11D0-8D11-00A0C91BC942}") = "RK1_Final", "RK1_Final\RK1_Final.vcxproj", "{A5B1F215-3662-4E61-A4B3-185BB7B3AAAC}"
EndProject
Global
	GlobalSection(SolutionConfigurationPlatforms) = preSolution
		Debug|x64 = Debug|x64
		Debug|x86 = Debug|x86
		Release|x64 = Release|x64
		Release|x86 = Release|x86
	EndGlobalSection
	GlobalSection(ProjectConfigurationPlatforms) = postSolution
		{A5B1F215-3662-4E61-A4B3-185BB7B3AAAC}.Debug|x64.ActiveCfg = Debug|x64
		{A5B1F215-3662-4E61-A4B3-185BB7B3AAAC}.Debug|x64.Build.0 = Debug|x64
		{A5B1F215-3662-4E61-A4B3-185BB7B3AAAC}.Debug|x86.ActiveCfg = Debug|Win32
		{A5B1F215-3662-4E61-A4B3-185BB7B3AAAC}.Debug|x86.Build.0 = Debug|Win32
		{A5B1F215-3662-4E61-A4B3-185BB7B3AAAC}.Release|x64.ActiveCfg = Release|x64
		{A5B1F215-3662-4E61-A4B3-185BB7B3AAAC}.Release|x64.Build.0 = Release|x64
		{A5B1F215-3662-4E61-A4B3-185BB7B3AAAC}.Release|x86.ActiveCfg = Release|Win32
		{A5B1F215-3662-4E61-A4B3-185BB7B3AAAC}.Release|x86.Build.0 = Release|Win32
	EndGlobalSection
	GlobalSection(SolutionProperties) = preSolution
		HideSolutionNode = FALSE
	EndGlobalSection
	GlobalSection(ExtensibilityGlobals) = postSolution
		SolutionGuid = {E3BF855C-115D-4483-B41B-6563F1A14F83}
	EndGlobalSection
EndGlobal
